
Microsoft Visual Studio Solution File, Format Version 12.00
# Visual Studio Version 16
VisualStudioVersion = 16.0.29806.167
MinimumVisualStudioVersion = 10.0.40219.1
Project("{FAE04EC0-301F-11D3-BF4B-00C04F79EFBC}") = "test-app", "web\core\test-app.csproj", "{2238EFDB-E17B-4BAA-A36C-A70D4A259357}"
EndProject
Global
	GlobalSection(SolutionConfigurationPlatforms) = preSolution
		Debug|Any CPU = Debug|Any CPU
		Release|Any CPU = Release|Any CPU
	EndGlobalSection
	GlobalSection(ProjectConfigurationPlatforms) = postSolution
		{2238EFDB-E17B-4BAA-A36C-A70D4A259357}.Debug|Any CPU.ActiveCfg = Debug|Any CPU
		{2238EFDB-E17B-4BAA-A36C-A70D4A259357}.Debug|Any CPU.Build.0 = Debug|Any CPU
		{2238EFDB-E17B-4BAA-A36C-A70D4A259357}.Release|Any CPU.ActiveCfg = Release|Any CPU
		{2238EFDB-E17B-4BAA-A36C-A70D4A259357}.Release|Any CPU.Build.0 = Release|Any CPU
	EndGlobalSection
	GlobalSection(SolutionProperties) = preSolution
		HideSolutionNode = FALSE
	EndGlobalSection
	GlobalSection(ExtensibilityGlobals) = postSolution
		SolutionGuid = {BF4FF3DE-075A-4A6F-BED2-82BC292CB665}
	EndGlobalSection
EndGlobal
